// !$*UTF8*$!
{
	archiveVersion = 1;
	classes = {
	};
	objectVersion = 46;
	objects = {

/* Begin PBXBuildFile section */
		A12EBB321F43AE3B00002ADE /* AppDelegate.swift in Sources */ = {isa = PBXBuildFile; fileRef = A12EBB311F43AE3B00002ADE /* AppDelegate.swift */; };
		A12EBB391F43AE3B00002ADE /* Assets.xcassets in Resources */ = {isa = PBXBuildFile; fileRef = A12EBB381F43AE3B00002ADE /* Assets.xcassets */; };
		A12EBB3C1F43AE3B00002ADE /* LaunchScreen.storyboard in Resources */ = {isa = PBXBuildFile; fileRef = A12EBB3A1F43AE3B00002ADE /* LaunchScreen.storyboard */; };
		A12EBB441F43AEE500002ADE /* Theme.swift in Sources */ = {isa = PBXBuildFile; fileRef = A12EBB431F43AEE500002ADE /* Theme.swift */; };
		A12EBB4C1F43B05600002ADE /* SVNBootstraper.framework in Frameworks */ = {isa = PBXBuildFile; fileRef = A12EBB4A1F43B05600002ADE /* SVNBootstraper.framework */; };
		A12EBB4D1F43B05600002ADE /* SwiftEssentials.framework in Frameworks */ = {isa = PBXBuildFile; fileRef = A12EBB4B1F43B05600002ADE /* SwiftEssentials.framework */; };
		A12EBB511F43B20900002ADE /* TitilliumWeb-ExtraLight.ttf in Resources */ = {isa = PBXBuildFile; fileRef = A12EBB4F1F43B20900002ADE /* TitilliumWeb-ExtraLight.ttf */; };
		A12EBB521F43B20900002ADE /* TitilliumWeb-Regular.ttf in Resources */ = {isa = PBXBuildFile; fileRef = A12EBB501F43B20900002ADE /* TitilliumWeb-Regular.ttf */; };
		A12EBB551F43B21A00002ADE /* Roboto-Medium.ttf in Resources */ = {isa = PBXBuildFile; fileRef = A12EBB531F43B21A00002ADE /* Roboto-Medium.ttf */; };
		A12EBB561F43B21A00002ADE /* Roboto-Thin.ttf in Resources */ = {isa = PBXBuildFile; fileRef = A12EBB541F43B21A00002ADE /* Roboto-Thin.ttf */; };
		A12EBB591F43B43A00002ADE /* Dependencies.swift in Sources */ = {isa = PBXBuildFile; fileRef = A12EBB581F43B43A00002ADE /* Dependencies.swift */; };
		A12EBB5B1F43B45B00002ADE /* ApplicationCoordinator.swift in Sources */ = {isa = PBXBuildFile; fileRef = A12EBB5A1F43B45B00002ADE /* ApplicationCoordinator.swift */; };
		A12EBB5F1F43B59000002ADE /* Coordinatable.swift in Sources */ = {isa = PBXBuildFile; fileRef = A12EBB5E1F43B59000002ADE /* Coordinatable.swift */; };
		A12EBB621F43B5D400002ADE /* MusicSearchVC.swift in Sources */ = {isa = PBXBuildFile; fileRef = A12EBB611F43B5D400002ADE /* MusicSearchVC.swift */; };
		A12EBB651F43B63400002ADE /* ResultsMetaTableViewCell.swift in Sources */ = {isa = PBXBuildFile; fileRef = A12EBB641F43B63400002ADE /* ResultsMetaTableViewCell.swift */; };
		A12EBB6A1F43B87500002ADE /* SearchResults.swift in Sources */ = {isa = PBXBuildFile; fileRef = A12EBB691F43B87500002ADE /* SearchResults.swift */; };
		A12EBB6E1F43BFF900002ADE /* AppleMusicRequestManager.swift in Sources */ = {isa = PBXBuildFile; fileRef = A12EBB6D1F43BFF900002ADE /* AppleMusicRequestManager.swift */; };
		A12EBB701F43C42B00002ADE /* Alamofire.framework in Frameworks */ = {isa = PBXBuildFile; fileRef = A12EBB6F1F43C42B00002ADE /* Alamofire.framework */; };
		A12EBB721F43CCBF00002ADE /* SearchResultsDataSource.swift in Sources */ = {isa = PBXBuildFile; fileRef = A12EBB711F43CCBF00002ADE /* SearchResultsDataSource.swift */; };
/* End PBXBuildFile section */

/* Begin PBXFileReference section */
		A12EBB2E1F43AE3B00002ADE /* Hai iOS Engineer Challenge.app */ = {isa = PBXFileReference; explicitFileType = wrapper.application; includeInIndex = 0; path = "Hai iOS Engineer Challenge.app"; sourceTree = BUILT_PRODUCTS_DIR; };
		A12EBB311F43AE3B00002ADE /* AppDelegate.swift */ = {isa = PBXFileReference; lastKnownFileType = sourcecode.swift; path = AppDelegate.swift; sourceTree = "<group>"; };
		A12EBB381F43AE3B00002ADE /* Assets.xcassets */ = {isa = PBXFileReference; lastKnownFileType = folder.assetcatalog; path = Assets.xcassets; sourceTree = "<group>"; };
		A12EBB3B1F43AE3B00002ADE /* Base */ = {isa = PBXFileReference; lastKnownFileType = file.storyboard; name = Base; path = Base.lproj/LaunchScreen.storyboard; sourceTree = "<group>"; };
		A12EBB3D1F43AE3B00002ADE /* Info.plist */ = {isa = PBXFileReference; lastKnownFileType = text.plist.xml; path = Info.plist; sourceTree = "<group>"; };
		A12EBB431F43AEE500002ADE /* Theme.swift */ = {isa = PBXFileReference; fileEncoding = 4; lastKnownFileType = sourcecode.swift; path = Theme.swift; sourceTree = "<group>"; };
		A12EBB4A1F43B05600002ADE /* SVNBootstraper.framework */ = {isa = PBXFileReference; lastKnownFileType = wrapper.framework; name = SVNBootstraper.framework; path = ../RaspiMusicPlayer/Carthage/Build/iOS/SVNBootstraper.framework; sourceTree = "<group>"; };
		A12EBB4B1F43B05600002ADE /* SwiftEssentials.framework */ = {isa = PBXFileReference; lastKnownFileType = wrapper.framework; name = SwiftEssentials.framework; path = ../RaspiMusicPlayer/Carthage/Build/iOS/SwiftEssentials.framework; sourceTree = "<group>"; };
		A12EBB4F1F43B20900002ADE /* TitilliumWeb-ExtraLight.ttf */ = {isa = PBXFileReference; lastKnownFileType = file; name = "TitilliumWeb-ExtraLight.ttf"; path = "../../../Downloads/Titillium_Web/TitilliumWeb-ExtraLight.ttf"; sourceTree = "<group>"; };
		A12EBB501F43B20900002ADE /* TitilliumWeb-Regular.ttf */ = {isa = PBXFileReference; lastKnownFileType = file; name = "TitilliumWeb-Regular.ttf"; path = "../../../Downloads/Titillium_Web/TitilliumWeb-Regular.ttf"; sourceTree = "<group>"; };
		A12EBB531F43B21A00002ADE /* Roboto-Medium.ttf */ = {isa = PBXFileReference; lastKnownFileType = file; name = "Roboto-Medium.ttf"; path = "../../../Downloads/Roboto/Roboto-Medium.ttf"; sourceTree = "<group>"; };
		A12EBB541F43B21A00002ADE /* Roboto-Thin.ttf */ = {isa = PBXFileReference; lastKnownFileType = file; name = "Roboto-Thin.ttf"; path = "../../../Downloads/Roboto/Roboto-Thin.ttf"; sourceTree = "<group>"; };
		A12EBB581F43B43A00002ADE /* Dependencies.swift */ = {isa = PBXFileReference; fileEncoding = 4; lastKnownFileType = sourcecode.swift; path = Dependencies.swift; sourceTree = "<group>"; };
		A12EBB5A1F43B45B00002ADE /* ApplicationCoordinator.swift */ = {isa = PBXFileReference; fileEncoding = 4; lastKnownFileType = sourcecode.swift; path = ApplicationCoordinator.swift; sourceTree = "<group>"; };
		A12EBB5E1F43B59000002ADE /* Coordinatable.swift */ = {isa = PBXFileReference; fileEncoding = 4; lastKnownFileType = sourcecode.swift; path = Coordinatable.swift; sourceTree = "<group>"; };
		A12EBB611F43B5D400002ADE /* MusicSearchVC.swift */ = {isa = PBXFileReference; fileEncoding = 4; lastKnownFileType = sourcecode.swift; path = MusicSearchVC.swift; sourceTree = "<group>"; };
		A12EBB641F43B63400002ADE /* ResultsMetaTableViewCell.swift */ = {isa = PBXFileReference; fileEncoding = 4; lastKnownFileType = sourcecode.swift; path = ResultsMetaTableViewCell.swift; sourceTree = "<group>"; };
		A12EBB691F43B87500002ADE /* SearchResults.swift */ = {isa = PBXFileReference; fileEncoding = 4; lastKnownFileType = sourcecode.swift; path = SearchResults.swift; sourceTree = "<group>"; };
		A12EBB6D1F43BFF900002ADE /* AppleMusicRequestManager.swift */ = {isa = PBXFileReference; fileEncoding = 4; lastKnownFileType = sourcecode.swift; name = AppleMusicRequestManager.swift; path = ../AppleMusicRequestManager.swift; sourceTree = "<group>"; };
		A12EBB6F1F43C42B00002ADE /* Alamofire.framework */ = {isa = PBXFileReference; lastKnownFileType = wrapper.framework; name = Alamofire.framework; path = Carthage/Build/iOS/Alamofire.framework; sourceTree = "<group>"; };
		A12EBB711F43CCBF00002ADE /* SearchResultsDataSource.swift */ = {isa = PBXFileReference; fileEncoding = 4; lastKnownFileType = sourcecode.swift; path = SearchResultsDataSource.swift; sourceTree = "<group>"; };
/* End PBXFileReference section */

/* Begin PBXFrameworksBuildPhase section */
		A12EBB2B1F43AE3B00002ADE /* Frameworks */ = {
			isa = PBXFrameworksBuildPhase;
			buildActionMask = 2147483647;
			files = (
				A12EBB4C1F43B05600002ADE /* SVNBootstraper.framework in Frameworks */,
				A12EBB4D1F43B05600002ADE /* SwiftEssentials.framework in Frameworks */,
				A12EBB701F43C42B00002ADE /* Alamofire.framework in Frameworks */,
			);
			runOnlyForDeploymentPostprocessing = 0;
		};
/* End PBXFrameworksBuildPhase section */

/* Begin PBXGroup section */
		A12EBB251F43AE3B00002ADE = {
			isa = PBXGroup;
			children = (
				A12EBB301F43AE3B00002ADE /* Hai iOS Engineer Challenge */,
				A12EBB471F43AEF700002ADE /* Includes */,
				A12EBB2F1F43AE3B00002ADE /* Products */,
				A12EBB491F43B05600002ADE /* Frameworks */,
			);
			sourceTree = "<group>";
		};
		A12EBB2F1F43AE3B00002ADE /* Products */ = {
			isa = PBXGroup;
			children = (
				A12EBB2E1F43AE3B00002ADE /* Hai iOS Engineer Challenge.app */,
			);
			name = Products;
			sourceTree = "<group>";
		};
		A12EBB301F43AE3B00002ADE /* Hai iOS Engineer Challenge */ = {
			isa = PBXGroup;
			children = (
				A12EBB311F43AE3B00002ADE /* AppDelegate.swift */,
				A12EBB451F43AEE900002ADE /* Model */,
				A12EBB5C1F43B45F00002ADE /* ViewModel */,
				A12EBB461F43AEED00002ADE /* View */,
				A12EBB631F43B5D900002ADE /* ViewController */,
				A12EBB5D1F43B47600002ADE /* Coordinators */,
			);
			path = "Hai iOS Engineer Challenge";
			sourceTree = "<group>";
		};
		A12EBB451F43AEE900002ADE /* Model */ = {
			isa = PBXGroup;
			children = (
				A12EBB691F43B87500002ADE /* SearchResults.swift */,
				A12EBB711F43CCBF00002ADE /* SearchResultsDataSource.swift */,
				A12EBB6D1F43BFF900002ADE /* AppleMusicRequestManager.swift */,
				A12EBB581F43B43A00002ADE /* Dependencies.swift */,
			);
			name = Model;
			sourceTree = "<group>";
		};
		A12EBB461F43AEED00002ADE /* View */ = {
			isa = PBXGroup;
			children = (
				A12EBB661F43B63700002ADE /* UITableViewCell */,
				A12EBB481F43AF0100002ADE /* LaunchScreen */,
			);
			name = View;
			sourceTree = "<group>";
		};
		A12EBB471F43AEF700002ADE /* Includes */ = {
			isa = PBXGroup;
			children = (
				A12EBB571F43B23B00002ADE /* Fonts */,
				A12EBB381F43AE3B00002ADE /* Assets.xcassets */,
				A12EBB3D1F43AE3B00002ADE /* Info.plist */,
			);
			name = Includes;
			path = "Hai iOS Engineer Challenge";
			sourceTree = "<group>";
		};
		A12EBB481F43AF0100002ADE /* LaunchScreen */ = {
			isa = PBXGroup;
			children = (
				A12EBB3A1F43AE3B00002ADE /* LaunchScreen.storyboard */,
			);
			name = LaunchScreen;
			sourceTree = "<group>";
		};
		A12EBB491F43B05600002ADE /* Frameworks */ = {
			isa = PBXGroup;
			children = (
				A12EBB6F1F43C42B00002ADE /* Alamofire.framework */,
				A12EBB4A1F43B05600002ADE /* SVNBootstraper.framework */,
				A12EBB4B1F43B05600002ADE /* SwiftEssentials.framework */,
			);
			name = Frameworks;
			sourceTree = "<group>";
		};
		A12EBB571F43B23B00002ADE /* Fonts */ = {
			isa = PBXGroup;
			children = (
				A12EBB531F43B21A00002ADE /* Roboto-Medium.ttf */,
				A12EBB541F43B21A00002ADE /* Roboto-Thin.ttf */,
				A12EBB4F1F43B20900002ADE /* TitilliumWeb-ExtraLight.ttf */,
				A12EBB501F43B20900002ADE /* TitilliumWeb-Regular.ttf */,
			);
			name = Fonts;
			path = ..;
			sourceTree = "<group>";
		};
		A12EBB5C1F43B45F00002ADE /* ViewModel */ = {
			isa = PBXGroup;
			children = (
				A12EBB431F43AEE500002ADE /* Theme.swift */,
			);
			name = ViewModel;
			sourceTree = "<group>";
		};
		A12EBB5D1F43B47600002ADE /* Coordinators */ = {
			isa = PBXGroup;
			children = (
				A12EBB5E1F43B59000002ADE /* Coordinatable.swift */,
				A12EBB601F43B59E00002ADE /* Application */,
			);
			name = Coordinators;
			sourceTree = "<group>";
		};
		A12EBB601F43B59E00002ADE /* Application */ = {
			isa = PBXGroup;
			children = (
				A12EBB5A1F43B45B00002ADE /* ApplicationCoordinator.swift */,
			);
			name = Application;
			sourceTree = "<group>";
		};
		A12EBB631F43B5D900002ADE /* ViewController */ = {
			isa = PBXGroup;
			children = (
				A12EBB611F43B5D400002ADE /* MusicSearchVC.swift */,
			);
			name = ViewController;
			sourceTree = "<group>";
		};
		A12EBB661F43B63700002ADE /* UITableViewCell */ = {
			isa = PBXGroup;
			children = (
				A12EBB641F43B63400002ADE /* ResultsMetaTableViewCell.swift */,
			);
			name = UITableViewCell;
			sourceTree = "<group>";
		};
/* End PBXGroup section */

/* Begin PBXNativeTarget section */
		A12EBB2D1F43AE3B00002ADE /* Hai iOS Engineer Challenge */ = {
			isa = PBXNativeTarget;
			buildConfigurationList = A12EBB401F43AE3B00002ADE /* Build configuration list for PBXNativeTarget "Hai iOS Engineer Challenge" */;
			buildPhases = (
				A12EBB2A1F43AE3B00002ADE /* Sources */,
				A12EBB2B1F43AE3B00002ADE /* Frameworks */,
				A12EBB2C1F43AE3B00002ADE /* Resources */,
				A12EBB4E1F43B05B00002ADE /* Carthage */,
			);
			buildRules = (
			);
			dependencies = (
			);
			name = "Hai iOS Engineer Challenge";
			productName = "Hai iOS Engineer Challenge";
			productReference = A12EBB2E1F43AE3B00002ADE /* Hai iOS Engineer Challenge.app */;
			productType = "com.apple.product-type.application";
		};
/* End PBXNativeTarget section */

/* Begin PBXProject section */
		A12EBB261F43AE3B00002ADE /* Project object */ = {
			isa = PBXProject;
			attributes = {
				LastSwiftUpdateCheck = 0830;
				LastUpgradeCheck = 0830;
				ORGANIZATIONNAME = bikisDesign;
				TargetAttributes = {
					A12EBB2D1F43AE3B00002ADE = {
						CreatedOnToolsVersion = 8.3.3;
						DevelopmentTeam = C4P8U7398K;
						ProvisioningStyle = Automatic;
					};
				};
			};
			buildConfigurationList = A12EBB291F43AE3B00002ADE /* Build configuration list for PBXProject "Hai iOS Engineer Challenge" */;
			compatibilityVersion = "Xcode 3.2";
			developmentRegion = English;
			hasScannedForEncodings = 0;
			knownRegions = (
				en,
				Base,
			);
			mainGroup = A12EBB251F43AE3B00002ADE;
			productRefGroup = A12EBB2F1F43AE3B00002ADE /* Products */;
			projectDirPath = "";
			projectRoot = "";
			targets = (
				A12EBB2D1F43AE3B00002ADE /* Hai iOS Engineer Challenge */,
			);
		};
/* End PBXProject section */

/* Begin PBXResourcesBuildPhase section */
		A12EBB2C1F43AE3B00002ADE /* Resources */ = {
			isa = PBXResourcesBuildPhase;
			buildActionMask = 2147483647;
			files = (
				A12EBB551F43B21A00002ADE /* Roboto-Medium.ttf in Resources */,
				A12EBB3C1F43AE3B00002ADE /* LaunchScreen.storyboard in Resources */,
				A12EBB561F43B21A00002ADE /* Roboto-Thin.ttf in Resources */,
				A12EBB511F43B20900002ADE /* TitilliumWeb-ExtraLight.ttf in Resources */,
				A12EBB521F43B20900002ADE /* TitilliumWeb-Regular.ttf in Resources */,
				A12EBB391F43AE3B00002ADE /* Assets.xcassets in Resources */,
			);
			runOnlyForDeploymentPostprocessing = 0;
		};
/* End PBXResourcesBuildPhase section */

/* Begin PBXShellScriptBuildPhase section */
		A12EBB4E1F43B05B00002ADE /* Carthage */ = {
			isa = PBXShellScriptBuildPhase;
			buildActionMask = 2147483647;
			files = (
			);
			inputPaths = (
				"$(SRCROOT)/Carthage/Build/iOS/SVNBootstraper.framework",
				"$(SRCROOT)/Carthage/Build/iOS/SwiftEssentials.framework",
				"$(SRCROOT)/Carthage/Build/iOS/Alamofire.framework",
			);
			name = Carthage;
			outputPaths = (
			);
			runOnlyForDeploymentPostprocessing = 0;
			shellPath = /bin/sh;
			shellScript = " /usr/local/bin/carthage copy-frameworks";
		};
/* End PBXShellScriptBuildPhase section */

/* Begin PBXSourcesBuildPhase section */
		A12EBB2A1F43AE3B00002ADE /* Sources */ = {
			isa = PBXSourcesBuildPhase;
			buildActionMask = 2147483647;
			files = (
				A12EBB721F43CCBF00002ADE /* SearchResultsDataSource.swift in Sources */,
				A12EBB621F43B5D400002ADE /* MusicSearchVC.swift in Sources */,
				A12EBB591F43B43A00002ADE /* Dependencies.swift in Sources */,
				A12EBB651F43B63400002ADE /* ResultsMetaTableViewCell.swift in Sources */,
				A12EBB441F43AEE500002ADE /* Theme.swift in Sources */,
				A12EBB6E1F43BFF900002ADE /* AppleMusicRequestManager.swift in Sources */,
				A12EBB6A1F43B87500002ADE /* SearchResults.swift in Sources */,
				A12EBB5F1F43B59000002ADE /* Coordinatable.swift in Sources */,
				A12EBB321F43AE3B00002ADE /* AppDelegate.swift in Sources */,
				A12EBB5B1F43B45B00002ADE /* ApplicationCoordinator.swift in Sources */,
			);
			runOnlyForDeploymentPostprocessing = 0;
		};
/* End PBXSourcesBuildPhase section */

/* Begin PBXVariantGroup section */
		A12EBB3A1F43AE3B00002ADE /* LaunchScreen.storyboard */ = {
			isa = PBXVariantGroup;
			children = (
				A12EBB3B1F43AE3B00002ADE /* Base */,
			);
			name = LaunchScreen.storyboard;
			sourceTree = "<group>";
		};
/* End PBXVariantGroup section */

/* Begin XCBuildConfiguration section */
		A12EBB3E1F43AE3B00002ADE /* Debug */ = {
			isa = XCBuildConfiguration;
			buildSettings = {
				ALWAYS_SEARCH_USER_PATHS = NO;
				CLANG_ANALYZER_NONNULL = YES;
				CLANG_ANALYZER_NUMBER_OBJECT_CONVERSION = YES_AGGRESSIVE;
				CLANG_CXX_LANGUAGE_STANDARD = "gnu++0x";
				CLANG_CXX_LIBRARY = "libc++";
				CLANG_ENABLE_MODULES = YES;
				CLANG_ENABLE_OBJC_ARC = YES;
				CLANG_WARN_BOOL_CONVERSION = YES;
				CLANG_WARN_CONSTANT_CONVERSION = YES;
				CLANG_WARN_DIRECT_OBJC_ISA_USAGE = YES_ERROR;
				CLANG_WARN_DOCUMENTATION_COMMENTS = YES;
				CLANG_WARN_EMPTY_BODY = YES;
				CLANG_WARN_ENUM_CONVERSION = YES;
				CLANG_WARN_INFINITE_RECURSION = YES;
				CLANG_WARN_INT_CONVERSION = YES;
				CLANG_WARN_OBJC_ROOT_CLASS = YES_ERROR;
				CLANG_WARN_SUSPICIOUS_MOVE = YES;
				CLANG_WARN_UNREACHABLE_CODE = YES;
				CLANG_WARN__DUPLICATE_METHOD_MATCH = YES;
				"CODE_SIGN_IDENTITY[sdk=iphoneos*]" = "iPhone Developer";
				COPY_PHASE_STRIP = NO;
				DEBUG_INFORMATION_FORMAT = dwarf;
				ENABLE_STRICT_OBJC_MSGSEND = YES;
				ENABLE_TESTABILITY = YES;
				GCC_C_LANGUAGE_STANDARD = gnu99;
				GCC_DYNAMIC_NO_PIC = NO;
				GCC_NO_COMMON_BLOCKS = YES;
				GCC_OPTIMIZATION_LEVEL = 0;
				GCC_PREPROCESSOR_DEFINITIONS = (
					"DEBUG=1",
					"$(inherited)",
				);
				GCC_WARN_64_TO_32_BIT_CONVERSION = YES;
				GCC_WARN_ABOUT_RETURN_TYPE = YES_ERROR;
				GCC_WARN_UNDECLARED_SELECTOR = YES;
				GCC_WARN_UNINITIALIZED_AUTOS = YES_AGGRESSIVE;
				GCC_WARN_UNUSED_FUNCTION = YES;
				GCC_WARN_UNUSED_VARIABLE = YES;
				IPHONEOS_DEPLOYMENT_TARGET = 10.3;
				MTL_ENABLE_DEBUG_INFO = YES;
				ONLY_ACTIVE_ARCH = YES;
				SDKROOT = iphoneos;
				SWIFT_ACTIVE_COMPILATION_CONDITIONS = DEBUG;
				SWIFT_OPTIMIZATION_LEVEL = "-Onone";
			};
			name = Debug;
		};
		A12EBB3F1F43AE3B00002ADE /* Release */ = {
			isa = XCBuildConfiguration;
			buildSettings = {
				ALWAYS_SEARCH_USER_PATHS = NO;
				CLANG_ANALYZER_NONNULL = YES;
				CLANG_ANALYZER_NUMBER_OBJECT_CONVERSION = YES_AGGRESSIVE;
				CLANG_CXX_LANGUAGE_STANDARD = "gnu++0x";
				CLANG_CXX_LIBRARY = "libc++";
				CLANG_ENABLE_MODULES = YES;
				CLANG_ENABLE_OBJC_ARC = YES;
				CLANG_WARN_BOOL_CONVERSION = YES;
				CLANG_WARN_CONSTANT_CONVERSION = YES;
				CLANG_WARN_DIRECT_OBJC_ISA_USAGE = YES_ERROR;
				CLANG_WARN_DOCUMENTATION_COMMENTS = YES;
				CLANG_WARN_EMPTY_BODY = YES;
				CLANG_WARN_ENUM_CONVERSION = YES;
				CLANG_WARN_INFINITE_RECURSION = YES;
				CLANG_WARN_INT_CONVERSION = YES;
				CLANG_WARN_OBJC_ROOT_CLASS = YES_ERROR;
				CLANG_WARN_SUSPICIOUS_MOVE = YES;
				CLANG_WARN_UNREACHABLE_CODE = YES;
				CLANG_WARN__DUPLICATE_METHOD_MATCH = YES;
				"CODE_SIGN_IDENTITY[sdk=iphoneos*]" = "iPhone Developer";
				COPY_PHASE_STRIP = NO;
				DEBUG_INFORMATION_FORMAT = "dwarf-with-dsym";
				ENABLE_NS_ASSERTIONS = NO;
				ENABLE_STRICT_OBJC_MSGSEND = YES;
				GCC_C_LANGUAGE_STANDARD = gnu99;
				GCC_NO_COMMON_BLOCKS = YES;
				GCC_WARN_64_TO_32_BIT_CONVERSION = YES;
				GCC_WARN_ABOUT_RETURN_TYPE = YES_ERROR;
				GCC_WARN_UNDECLARED_SELECTOR = YES;
				GCC_WARN_UNINITIALIZED_AUTOS = YES_AGGRESSIVE;
				GCC_WARN_UNUSED_FUNCTION = YES;
				GCC_WARN_UNUSED_VARIABLE = YES;
				IPHONEOS_DEPLOYMENT_TARGET = 10.3;
				MTL_ENABLE_DEBUG_INFO = NO;
				SDKROOT = iphoneos;
				SWIFT_OPTIMIZATION_LEVEL = "-Owholemodule";
				VALIDATE_PRODUCT = YES;
			};
			name = Release;
		};
		A12EBB411F43AE3B00002ADE /* Debug */ = {
			isa = XCBuildConfiguration;
			buildSettings = {
				ASSETCATALOG_COMPILER_APPICON_NAME = AppIcon;
				DEVELOPMENT_TEAM = C4P8U7398K;
				FRAMEWORK_SEARCH_PATHS = (
					"$(SRCROOT)/Carthage/Build/iOS",
					"$(PROJECT_DIR)/Carthage/Build/iOS",
				);
				INFOPLIST_FILE = "Hai iOS Engineer Challenge/Info.plist";
				LD_RUNPATH_SEARCH_PATHS = "$(inherited) @executable_path/Frameworks";
				PRODUCT_BUNDLE_IDENTIFIER = "com.bikisDesign.Hai-iOS-Engineer-Challenge";
				PRODUCT_NAME = "$(TARGET_NAME)";
				SWIFT_VERSION = 3.0;
			};
			name = Debug;
		};
		A12EBB421F43AE3B00002ADE /* Release */ = {
			isa = XCBuildConfiguration;
			buildSettings = {
				ASSETCATALOG_COMPILER_APPICON_NAME = AppIcon;
				DEVELOPMENT_TEAM = C4P8U7398K;
				FRAMEWORK_SEARCH_PATHS = (
					"$(SRCROOT)/Carthage/Build/iOS",
					"$(PROJECT_DIR)/Carthage/Build/iOS",
				);
				INFOPLIST_FILE = "Hai iOS Engineer Challenge/Info.plist";
				LD_RUNPATH_SEARCH_PATHS = "$(inherited) @executable_path/Frameworks";
				PRODUCT_BUNDLE_IDENTIFIER = "com.bikisDesign.Hai-iOS-Engineer-Challenge";
				PRODUCT_NAME = "$(TARGET_NAME)";
				SWIFT_VERSION = 3.0;
			};
			name = Release;
		};
/* End XCBuildConfiguration section */

/* Begin XCConfigurationList section */
		A12EBB291F43AE3B00002ADE /* Build configuration list for PBXProject "Hai iOS Engineer Challenge" */ = {
			isa = XCConfigurationList;
			buildConfigurations = (
				A12EBB3E1F43AE3B00002ADE /* Debug */,
				A12EBB3F1F43AE3B00002ADE /* Release */,
			);
			defaultConfigurationIsVisible = 0;
			defaultConfigurationName = Release;
		};
		A12EBB401F43AE3B00002ADE /* Build configuration list for PBXNativeTarget "Hai iOS Engineer Challenge" */ = {
			isa = XCConfigurationList;
			buildConfigurations = (
				A12EBB411F43AE3B00002ADE /* Debug */,
				A12EBB421F43AE3B00002ADE /* Release */,
			);
			defaultConfigurationIsVisible = 0;
			defaultConfigurationName = Release;
		};
/* End XCConfigurationList section */
	};
	rootObject = A12EBB261F43AE3B00002ADE /* Project object */;
}
